version = 1
revision = 3
requires-python = ">=3.10, <4.0"

[[package]]
name = "charset-normalizer"
version = "2.0.12"
source = { registry = "https://pypi.org/simple" }
sdist = { url = "https://files.pythonhosted.org/packages/56/31/7bcaf657fafb3c6db8c787a865434290b726653c912085fbd371e9b92e1c/charset-normalizer-2.0.12.tar.gz", hash = "sha256:2857e29ff0d34db842cd7ca3230549d1a697f96ee6d3fb071cfa6c7393832597", size = 79105, upload-time = "2022-02-12T14:33:13.788Z" }
wheels = [
    { url = "https://files.pythonhosted.org/packages/06/b3/24afc8868eba069a7f03650ac750a778862dc34941a4bebeb58706715726/charset_normalizer-2.0.12-py3-none-any.whl", hash = "sha256:6881edbebdb17b39b4eaaa821b438bf6eddffb4468cf344f09f89def34a8b1df", size = 39623, upload-time = "2022-02-12T14:33:12.294Z" },
]

[[package]]
name = "update-poetry-dependencies-uv-major-fixture"
version = "0.1.0"
source = { virtual = "." }
dependencies = [
    { name = "charset-normalizer" },
    { name = "zipp" },
]

[package.metadata]
requires-dist = [
    { name = "charset-normalizer", specifier = ">=2.0.0,<3.0" },
    { name = "zipp", specifier = ">=3.9.0,<4.0" },
]

[[package]]
name = "zipp"
version = "3.23.1"
source = { registry = "https://pypi.org/simple" }
sdist = { url = "https://files.pythonhosted.org/packages/30/21/093488dfc7cc8964ded15ab726fad40f25fd3d788fd741cc1c5a17d78ee8/zipp-3.23.1.tar.gz", hash = "sha256:32120e378d32cd9714ad503c1d024619063ec28aad2248dc6672ad13edfa5110", size = 25965, upload-time = "2026-04-13T23:21:46.6Z" }
wheels = [
    { url = "https://files.pythonhosted.org/packages/08/8a/0861bec20485572fbddf3dfba2910e38fe249796cb73ecdeb74e07eeb8d3/zipp-3.23.1-py3-none-any.whl", hash = "sha256:0b3596c50a5c700c9cb40ba8d86d9f2cc4807e9bedb06bcdf7fac85633e444dc", size = 10378, upload-time = "2026-04-13T23:21:45.386Z" },
]
