# This file is automatically @generated by Poetry 2.4.3 and should not be changed by hand.

[[package]]
name = "charset-normalizer"
version = "2.0.12"
description = "The Real First Universal Charset Detector. Open, modern and actively maintained alternative to Chardet."
optional = false
python-versions = ">=3.5.0"
groups = ["main"]
files = [
    {file = "charset-normalizer-2.0.12.tar.gz", hash = "sha256:2857e29ff0d34db842cd7ca3230549d1a697f96ee6d3fb071cfa6c7393832597"},
    {file = "charset_normalizer-2.0.12-py3-none-any.whl", hash = "sha256:6881edbebdb17b39b4eaaa821b438bf6eddffb4468cf344f09f89def34a8b1df"},
]

[package.extras]
unicode-backport = ["unicodedata2"]

[[package]]
name = "zipp"
version = "3.23.1"
description = "Backport of pathlib-compatible object wrapper for zip files"
optional = false
python-versions = ">=3.9"
groups = ["main"]
files = [
    {file = "zipp-3.23.1-py3-none-any.whl", hash = "sha256:0b3596c50a5c700c9cb40ba8d86d9f2cc4807e9bedb06bcdf7fac85633e444dc"},
    {file = "zipp-3.23.1.tar.gz", hash = "sha256:32120e378d32cd9714ad503c1d024619063ec28aad2248dc6672ad13edfa5110"},
]

[package.extras]
check = ["pytest-checkdocs (>=2.4)", "pytest-ruff (>=0.2.1) ; sys_platform != \"cygwin\""]
cover = ["pytest-cov"]
doc = ["furo", "jaraco.packaging (>=9.3)", "jaraco.tidelift (>=1.4)", "rst.linker (>=1.9)", "sphinx (>=3.5)", "sphinx-lint"]
enabler = ["pytest-enabler (>=2.2)"]
test = ["big-O", "jaraco.functools", "jaraco.itertools", "jaraco.test", "more_itertools", "pytest (>=6,!=8.1.*)", "pytest-ignore-flaky"]
type = ["pytest-mypy"]

[metadata]
lock-version = "2.1"
python-versions = ">=3.10,<4.0"
content-hash = "8f21b474e22a773389e093d7065f6235d4bae382f1f22305d91a2767c9790cd9"
